
Microsoft Visual Studio Solution File, Format Version 12.00
# Visual Studio 2012
Project("{8BC9CEB8-8B4A-11D0-8D11-00A0C91BC942}") = "FCBondage", "FCBondage\FCBondage.vcxproj", "{4106DB39-E527-4481-A7B2-6F29707F2591}"
EndProject
Project("{8BC9CEB8-8B4A-11D0-8D11-00A0C91BC942}") = "Lalaunch", "Lalaunch\Lalaunch.vcxproj", "{1E70F189-AC57-43A0-8893-79EFCDD12281}"
EndProject
Global
	GlobalSection(SolutionConfigurationPlatforms) = preSolution
		Debug|Win32 = Debug|Win32
		Release|Win32 = Release|Win32
	EndGlobalSection
	GlobalSection(ProjectConfigurationPlatforms) = postSolution
		{4106DB39-E527-4481-A7B2-6F29707F2591}.Debug|Win32.ActiveCfg = Debug|Win32
		{4106DB39-E527-4481-A7B2-6F29707F2591}.Debug|Win32.Build.0 = Debug|Win32
		{4106DB39-E527-4481-A7B2-6F29707F2591}.Release|Win32.ActiveCfg = Release|Win32
		{4106DB39-E527-4481-A7B2-6F29707F2591}.Release|Win32.Build.0 = Release|Win32
		{1E70F189-AC57-43A0-8893-79EFCDD12281}.Debug|Win32.ActiveCfg = Debug|Win32
		{1E70F189-AC57-43A0-8893-79EFCDD12281}.Debug|Win32.Build.0 = Debug|Win32
		{1E70F189-AC57-43A0-8893-79EFCDD12281}.Release|Win32.ActiveCfg = Release|Win32
		{1E70F189-AC57-43A0-8893-79EFCDD12281}.Release|Win32.Build.0 = Release|Win32
	EndGlobalSection
	GlobalSection(SolutionProperties) = preSolution
		HideSolutionNode = FALSE
	EndGlobalSection
EndGlobal
